{
  "name": "selectelect",
  "version": "1.0.0",
  "lockfileVersion": 3,
  "requires": true,
  "packages": {
    "": {
      "name": "selectelect",
      "version": "1.0.0",
      "license": "ISC",
      "dependencies": {
        "@preline/overlay": "^2.0.1"
      }
    },
    "node_modules/@preline/overlay": {
      "version": "2.0.1",
      "resolved": "https://registry.npmjs.org/@preline/overlay/-/overlay-2.0.1.tgz",
      "integrity": "sha512-l/f7er8elrnky7/Ym207Qd2KYE+8dXYFdIavT0tZu03BtL0bd/hYUAmMk7ZtKcmQNGGzmQqpg3aad7Am35Wqjw=="
    }
  }
}
